PODS:
  - Alamofire (5.4.3)
  - SwiftBank (0.1.0)

DEPENDENCIES:
  - Alamofire (~> 5.2)
  - SwiftBank (from `../`)

SPEC REPOS:
  trunk:
    - Alamofire

EXTERNAL SOURCES:
  SwiftBank:
    :path: "../"

SPEC CHECKSUMS:
  Alamofire: e447a2774a40c996748296fa2c55112fdbbc42f9
  SwiftBank: 7b882f20facc7c4d5b730277b45532e8d25707d0

PODFILE CHECKSUM: 5548a2119ddae0a81db128103abd23ae32d96ed4

COCOAPODS: 1.10.1
